// !$*UTF8*$!
{
	archiveVersion = 1;
	classes = {
	};
	objectVersion = 56;
	objects = {

/* Begin PBXBuildFile section */
		B217CCFB29CB051E004595AC /* LibraryViewController.swift in Sources */ = {isa = PBXBuildFile; fileRef = B217CCFA29CB051E004595AC /* LibraryViewController.swift */; };
		B217CCFD29CB0544004595AC /* ForYouViewController.swift in Sources */ = {isa = PBXBuildFile; fileRef = B217CCFC29CB0544004595AC /* ForYouViewController.swift */; };
		B217CCFF29CB0557004595AC /* AlbumsViewController.swift in Sources */ = {isa = PBXBuildFile; fileRef = B217CCFE29CB0557004595AC /* AlbumsViewController.swift */; };
		B217CD0129CB0566004595AC /* SearchViewController.swift in Sources */ = {isa = PBXBuildFile; fileRef = B217CD0029CB0566004595AC /* SearchViewController.swift */; };
		B217CD0329CB0D6B004595AC /* AlbumsCollectionViewCell.swift in Sources */ = {isa = PBXBuildFile; fileRef = B217CD0229CB0D6B004595AC /* AlbumsCollectionViewCell.swift */; };
		B217CD0629CB0DC9004595AC /* CollectionViewHeader.swift in Sources */ = {isa = PBXBuildFile; fileRef = B217CD0529CB0DC9004595AC /* CollectionViewHeader.swift */; };
		B217CD0A29CB118E004595AC /* SnapKit in Frameworks */ = {isa = PBXBuildFile; productRef = B217CD0929CB118E004595AC /* SnapKit */; };
		B22469AC29CAFE500065E7E7 /* AppDelegate.swift in Sources */ = {isa = PBXBuildFile; fileRef = B22469AB29CAFE500065E7E7 /* AppDelegate.swift */; };
		B22469AE29CAFE500065E7E7 /* SceneDelegate.swift in Sources */ = {isa = PBXBuildFile; fileRef = B22469AD29CAFE500065E7E7 /* SceneDelegate.swift */; };
		B22469B029CAFE500065E7E7 /* TabBarController.swift in Sources */ = {isa = PBXBuildFile; fileRef = B22469AF29CAFE500065E7E7 /* TabBarController.swift */; };
		B22469B529CAFE560065E7E7 /* Assets.xcassets in Resources */ = {isa = PBXBuildFile; fileRef = B22469B429CAFE560065E7E7 /* Assets.xcassets */; };
		B22469B829CAFE560065E7E7 /* LaunchScreen.storyboard in Resources */ = {isa = PBXBuildFile; fileRef = B22469B629CAFE560065E7E7 /* LaunchScreen.storyboard */; };
/* End PBXBuildFile section */

/* Begin PBXFileReference section */
		B217CCFA29CB051E004595AC /* LibraryViewController.swift */ = {isa = PBXFileReference; lastKnownFileType = sourcecode.swift; path = LibraryViewController.swift; sourceTree = "<group>"; };
		B217CCFC29CB0544004595AC /* ForYouViewController.swift */ = {isa = PBXFileReference; lastKnownFileType = sourcecode.swift; path = ForYouViewController.swift; sourceTree = "<group>"; };
		B217CCFE29CB0557004595AC /* AlbumsViewController.swift */ = {isa = PBXFileReference; lastKnownFileType = sourcecode.swift; path = AlbumsViewController.swift; sourceTree = "<group>"; };
		B217CD0029CB0566004595AC /* SearchViewController.swift */ = {isa = PBXFileReference; lastKnownFileType = sourcecode.swift; path = SearchViewController.swift; sourceTree = "<group>"; };
		B217CD0229CB0D6B004595AC /* AlbumsCollectionViewCell.swift */ = {isa = PBXFileReference; lastKnownFileType = sourcecode.swift; path = AlbumsCollectionViewCell.swift; sourceTree = "<group>"; };
		B217CD0529CB0DC9004595AC /* CollectionViewHeader.swift */ = {isa = PBXFileReference; lastKnownFileType = sourcecode.swift; path = CollectionViewHeader.swift; sourceTree = "<group>"; };
		B22469A829CAFE500065E7E7 /* PhotosApp.app */ = {isa = PBXFileReference; explicitFileType = wrapper.application; includeInIndex = 0; path = PhotosApp.app; sourceTree = BUILT_PRODUCTS_DIR; };
		B22469AB29CAFE500065E7E7 /* AppDelegate.swift */ = {isa = PBXFileReference; lastKnownFileType = sourcecode.swift; path = AppDelegate.swift; sourceTree = "<group>"; };
		B22469AD29CAFE500065E7E7 /* SceneDelegate.swift */ = {isa = PBXFileReference; lastKnownFileType = sourcecode.swift; path = SceneDelegate.swift; sourceTree = "<group>"; };
		B22469AF29CAFE500065E7E7 /* TabBarController.swift */ = {isa = PBXFileReference; lastKnownFileType = sourcecode.swift; path = TabBarController.swift; sourceTree = "<group>"; };
		B22469B429CAFE560065E7E7 /* Assets.xcassets */ = {isa = PBXFileReference; lastKnownFileType = folder.assetcatalog; path = Assets.xcassets; sourceTree = "<group>"; };
		B22469B729CAFE560065E7E7 /* Base */ = {isa = PBXFileReference; lastKnownFileType = file.storyboard; name = Base; path = Base.lproj/LaunchScreen.storyboard; sourceTree = "<group>"; };
		B22469B929CAFE560065E7E7 /* Info.plist */ = {isa = PBXFileReference; lastKnownFileType = text.plist.xml; path = Info.plist; sourceTree = "<group>"; };
/* End PBXFileReference section */

/* Begin PBXFrameworksBuildPhase section */
		B22469A529CAFE500065E7E7 /* Frameworks */ = {
			isa = PBXFrameworksBuildPhase;
			buildActionMask = 2147483647;
			files = (
				B217CD0A29CB118E004595AC /* SnapKit in Frameworks */,
			);
			runOnlyForDeploymentPostprocessing = 0;
		};
/* End PBXFrameworksBuildPhase section */

/* Begin PBXGroup section */
		B217CD0429CB0D78004595AC /* CollectionViewCell */ = {
			isa = PBXGroup;
			children = (
				B217CD0229CB0D6B004595AC /* AlbumsCollectionViewCell.swift */,
			);
			path = CollectionViewCell;
			sourceTree = "<group>";
		};
		B217CD0729CB0DD2004595AC /* CollectionViewHeader */ = {
			isa = PBXGroup;
			children = (
				B217CD0529CB0DC9004595AC /* CollectionViewHeader.swift */,
			);
			path = CollectionViewHeader;
			sourceTree = "<group>";
		};
		B224699F29CAFE500065E7E7 = {
			isa = PBXGroup;
			children = (
				B22469AA29CAFE500065E7E7 /* PhotosApp */,
				B22469A929CAFE500065E7E7 /* Products */,
			);
			sourceTree = "<group>";
		};
		B22469A929CAFE500065E7E7 /* Products */ = {
			isa = PBXGroup;
			children = (
				B22469A829CAFE500065E7E7 /* PhotosApp.app */,
			);
			name = Products;
			sourceTree = "<group>";
		};
		B22469AA29CAFE500065E7E7 /* PhotosApp */ = {
			isa = PBXGroup;
			children = (
				B22469C229CAFFB00065E7E7 /* Source */,
				B22469C129CAFFA10065E7E7 /* Resource */,
			);
			path = PhotosApp;
			sourceTree = "<group>";
		};
		B22469BF29CAFF690065E7E7 /* App */ = {
			isa = PBXGroup;
			children = (
				B22469AB29CAFE500065E7E7 /* AppDelegate.swift */,
				B22469AD29CAFE500065E7E7 /* SceneDelegate.swift */,
			);
			path = App;
			sourceTree = "<group>";
		};
		B22469C029CAFF860065E7E7 /* ViewController */ = {
			isa = PBXGroup;
			children = (
				B22469AF29CAFE500065E7E7 /* TabBarController.swift */,
				B217CCFE29CB0557004595AC /* AlbumsViewController.swift */,
				B217CCFA29CB051E004595AC /* LibraryViewController.swift */,
				B217CCFC29CB0544004595AC /* ForYouViewController.swift */,
				B217CD0029CB0566004595AC /* SearchViewController.swift */,
			);
			path = ViewController;
			sourceTree = "<group>";
		};
		B22469C129CAFFA10065E7E7 /* Resource */ = {
			isa = PBXGroup;
			children = (
				B22469B429CAFE560065E7E7 /* Assets.xcassets */,
				B22469B629CAFE560065E7E7 /* LaunchScreen.storyboard */,
				B22469B929CAFE560065E7E7 /* Info.plist */,
			);
			path = Resource;
			sourceTree = "<group>";
		};
		B22469C229CAFFB00065E7E7 /* Source */ = {
			isa = PBXGroup;
			children = (
				B22469BF29CAFF690065E7E7 /* App */,
				B22469C029CAFF860065E7E7 /* ViewController */,
				B217CD0429CB0D78004595AC /* CollectionViewCell */,
				B217CD0729CB0DD2004595AC /* CollectionViewHeader */,
			);
			path = Source;
			sourceTree = "<group>";
		};
/* End PBXGroup section */

/* Begin PBXNativeTarget section */
		B22469A729CAFE500065E7E7 /* PhotosApp */ = {
			isa = PBXNativeTarget;
			buildConfigurationList = B22469BC29CAFE560065E7E7 /* Build configuration list for PBXNativeTarget "PhotosApp" */;
			buildPhases = (
				B22469A429CAFE500065E7E7 /* Sources */,
				B22469A529CAFE500065E7E7 /* Frameworks */,
				B22469A629CAFE500065E7E7 /* Resources */,
			);
			buildRules = (
			);
			dependencies = (
			);
			name = PhotosApp;
			packageProductDependencies = (
				B217CD0929CB118E004595AC /* SnapKit */,
			);
			productName = PhotosApp;
			productReference = B22469A829CAFE500065E7E7 /* PhotosApp.app */;
			productType = "com.apple.product-type.application";
		};
/* End PBXNativeTarget section */

/* Begin PBXProject section */
		B22469A029CAFE500065E7E7 /* Project object */ = {
			isa = PBXProject;
			attributes = {
				BuildIndependentTargetsInParallel = 1;
				LastSwiftUpdateCheck = 1420;
				LastUpgradeCheck = 1420;
				TargetAttributes = {
					B22469A729CAFE500065E7E7 = {
						CreatedOnToolsVersion = 14.2;
					};
				};
			};
			buildConfigurationList = B22469A329CAFE500065E7E7 /* Build configuration list for PBXProject "PhotosApp" */;
			compatibilityVersion = "Xcode 14.0";
			developmentRegion = en;
			hasScannedForEncodings = 0;
			knownRegions = (
				en,
				Base,
			);
			mainGroup = B224699F29CAFE500065E7E7;
			packageReferences = (
				B217CD0829CB118E004595AC /* XCRemoteSwiftPackageReference "SnapKit" */,
			);
			productRefGroup = B22469A929CAFE500065E7E7 /* Products */;
			projectDirPath = "";
			projectRoot = "";
			targets = (
				B22469A729CAFE500065E7E7 /* PhotosApp */,
			);
		};
/* End PBXProject section */

/* Begin PBXResourcesBuildPhase section */
		B22469A629CAFE500065E7E7 /* Resources */ = {
			isa = PBXResourcesBuildPhase;
			buildActionMask = 2147483647;
			files = (
				B22469B829CAFE560065E7E7 /* LaunchScreen.storyboard in Resources */,
				B22469B529CAFE560065E7E7 /* Assets.xcassets in Resources */,
			);
			runOnlyForDeploymentPostprocessing = 0;
		};
/* End PBXResourcesBuildPhase section */

/* Begin PBXSourcesBuildPhase section */
		B22469A429CAFE500065E7E7 /* Sources */ = {
			isa = PBXSourcesBuildPhase;
			buildActionMask = 2147483647;
			files = (
				B22469B029CAFE500065E7E7 /* TabBarController.swift in Sources */,
				B217CD0629CB0DC9004595AC /* CollectionViewHeader.swift in Sources */,
				B217CD0129CB0566004595AC /* SearchViewController.swift in Sources */,
				B22469AC29CAFE500065E7E7 /* AppDelegate.swift in Sources */,
				B217CCFF29CB0557004595AC /* AlbumsViewController.swift in Sources */,
				B217CD0329CB0D6B004595AC /* AlbumsCollectionViewCell.swift in Sources */,
				B217CCFB29CB051E004595AC /* LibraryViewController.swift in Sources */,
				B217CCFD29CB0544004595AC /* ForYouViewController.swift in Sources */,
				B22469AE29CAFE500065E7E7 /* SceneDelegate.swift in Sources */,
			);
			runOnlyForDeploymentPostprocessing = 0;
		};
/* End PBXSourcesBuildPhase section */

/* Begin PBXVariantGroup section */
		B22469B629CAFE560065E7E7 /* LaunchScreen.storyboard */ = {
			isa = PBXVariantGroup;
			children = (
				B22469B729CAFE560065E7E7 /* Base */,
			);
			name = LaunchScreen.storyboard;
			sourceTree = "<group>";
		};
/* End PBXVariantGroup section */

/* Begin XCBuildConfiguration section */
		B22469BA29CAFE560065E7E7 /* Debug */ = {
			isa = XCBuildConfiguration;
			buildSettings = {
				ALWAYS_SEARCH_USER_PATHS = NO;
				CLANG_ANALYZER_NONNULL = YES;
				CLANG_ANALYZER_NUMBER_OBJECT_CONVERSION = YES_AGGRESSIVE;
				CLANG_CXX_LANGUAGE_STANDARD = "gnu++20";
				CLANG_ENABLE_MODULES = YES;
				CLANG_ENABLE_OBJC_ARC = YES;
				CLANG_ENABLE_OBJC_WEAK = YES;
				CLANG_WARN_BLOCK_CAPTURE_AUTORELEASING = YES;
				CLANG_WARN_BOOL_CONVERSION = YES;
				CLANG_WARN_COMMA = YES;
				CLANG_WARN_CONSTANT_CONVERSION = YES;
				CLANG_WARN_DEPRECATED_OBJC_IMPLEMENTATIONS = YES;
				CLANG_WARN_DIRECT_OBJC_ISA_USAGE = YES_ERROR;
				CLANG_WARN_DOCUMENTATION_COMMENTS = YES;
				CLANG_WARN_EMPTY_BODY = YES;
				CLANG_WARN_ENUM_CONVERSION = YES;
				CLANG_WARN_INFINITE_RECURSION = YES;
				CLANG_WARN_INT_CONVERSION = YES;
				CLANG_WARN_NON_LITERAL_NULL_CONVERSION = YES;
				CLANG_WARN_OBJC_IMPLICIT_RETAIN_SELF = YES;
				CLANG_WARN_OBJC_LITERAL_CONVERSION = YES;
				CLANG_WARN_OBJC_ROOT_CLASS = YES_ERROR;
				CLANG_WARN_QUOTED_INCLUDE_IN_FRAMEWORK_HEADER = YES;
				CLANG_WARN_RANGE_LOOP_ANALYSIS = YES;
				CLANG_WARN_STRICT_PROTOTYPES = YES;
				CLANG_WARN_SUSPICIOUS_MOVE = YES;
				CLANG_WARN_UNGUARDED_AVAILABILITY = YES_AGGRESSIVE;
				CLANG_WARN_UNREACHABLE_CODE = YES;
				CLANG_WARN__DUPLICATE_METHOD_MATCH = YES;
				COPY_PHASE_STRIP = NO;
				DEBUG_INFORMATION_FORMAT = dwarf;
				ENABLE_STRICT_OBJC_MSGSEND = YES;
				ENABLE_TESTABILITY = YES;
				GCC_C_LANGUAGE_STANDARD = gnu11;
				GCC_DYNAMIC_NO_PIC = NO;
				GCC_NO_COMMON_BLOCKS = YES;
				GCC_OPTIMIZATION_LEVEL = 0;
				GCC_PREPROCESSOR_DEFINITIONS = (
					"DEBUG=1",
					"$(inherited)",
				);
				GCC_WARN_64_TO_32_BIT_CONVERSION = YES;
				GCC_WARN_ABOUT_RETURN_TYPE = YES_ERROR;
				GCC_WARN_UNDECLARED_SELECTOR = YES;
				GCC_WARN_UNINITIALIZED_AUTOS = YES_AGGRESSIVE;
				GCC_WARN_UNUSED_FUNCTION = YES;
				GCC_WARN_UNUSED_VARIABLE = YES;
				IPHONEOS_DEPLOYMENT_TARGET = 16.2;
				MTL_ENABLE_DEBUG_INFO = INCLUDE_SOURCE;
				MTL_FAST_MATH = YES;
				ONLY_ACTIVE_ARCH = YES;
				SDKROOT = iphoneos;
				SWIFT_ACTIVE_COMPILATION_CONDITIONS = DEBUG;
				SWIFT_OPTIMIZATION_LEVEL = "-Onone";
			};
			name = Debug;
		};
		B22469BB29CAFE560065E7E7 /* Release */ = {
			isa = XCBuildConfiguration;
			buildSettings = {
				ALWAYS_SEARCH_USER_PATHS = NO;
				CLANG_ANALYZER_NONNULL = YES;
				CLANG_ANALYZER_NUMBER_OBJECT_CONVERSION = YES_AGGRESSIVE;
				CLANG_CXX_LANGUAGE_STANDARD = "gnu++20";
				CLANG_ENABLE_MODULES = YES;
				CLANG_ENABLE_OBJC_ARC = YES;
				CLANG_ENABLE_OBJC_WEAK = YES;
				CLANG_WARN_BLOCK_CAPTURE_AUTORELEASING = YES;
				CLANG_WARN_BOOL_CONVERSION = YES;
				CLANG_WARN_COMMA = YES;
				CLANG_WARN_CONSTANT_CONVERSION = YES;
				CLANG_WARN_DEPRECATED_OBJC_IMPLEMENTATIONS = YES;
				CLANG_WARN_DIRECT_OBJC_ISA_USAGE = YES_ERROR;
				CLANG_WARN_DOCUMENTATION_COMMENTS = YES;
				CLANG_WARN_EMPTY_BODY = YES;
				CLANG_WARN_ENUM_CONVERSION = YES;
				CLANG_WARN_INFINITE_RECURSION = YES;
				CLANG_WARN_INT_CONVERSION = YES;
				CLANG_WARN_NON_LITERAL_NULL_CONVERSION = YES;
				CLANG_WARN_OBJC_IMPLICIT_RETAIN_SELF = YES;
				CLANG_WARN_OBJC_LITERAL_CONVERSION = YES;
				CLANG_WARN_OBJC_ROOT_CLASS = YES_ERROR;
				CLANG_WARN_QUOTED_INCLUDE_IN_FRAMEWORK_HEADER = YES;
				CLANG_WARN_RANGE_LOOP_ANALYSIS = YES;
				CLANG_WARN_STRICT_PROTOTYPES = YES;
				CLANG_WARN_SUSPICIOUS_MOVE = YES;
				CLANG_WARN_UNGUARDED_AVAILABILITY = YES_AGGRESSIVE;
				CLANG_WARN_UNREACHABLE_CODE = YES;
				CLANG_WARN__DUPLICATE_METHOD_MATCH = YES;
				COPY_PHASE_STRIP = NO;
				DEBUG_INFORMATION_FORMAT = "dwarf-with-dsym";
				ENABLE_NS_ASSERTIONS = NO;
				ENABLE_STRICT_OBJC_MSGSEND = YES;
				GCC_C_LANGUAGE_STANDARD = gnu11;
				GCC_NO_COMMON_BLOCKS = YES;
				GCC_WARN_64_TO_32_BIT_CONVERSION = YES;
				GCC_WARN_ABOUT_RETURN_TYPE = YES_ERROR;
				GCC_WARN_UNDECLARED_SELECTOR = YES;
				GCC_WARN_UNINITIALIZED_AUTOS = YES_AGGRESSIVE;
				GCC_WARN_UNUSED_FUNCTION = YES;
				GCC_WARN_UNUSED_VARIABLE = YES;
				IPHONEOS_DEPLOYMENT_TARGET = 16.2;
				MTL_ENABLE_DEBUG_INFO = NO;
				MTL_FAST_MATH = YES;
				SDKROOT = iphoneos;
				SWIFT_COMPILATION_MODE = wholemodule;
				SWIFT_OPTIMIZATION_LEVEL = "-O";
				VALIDATE_PRODUCT = YES;
			};
			name = Release;
		};
		B22469BD29CAFE560065E7E7 /* Debug */ = {
			isa = XCBuildConfiguration;
			buildSettings = {
				ASSETCATALOG_COMPILER_APPICON_NAME = AppIcon;
				ASSETCATALOG_COMPILER_GLOBAL_ACCENT_COLOR_NAME = AccentColor;
				CODE_SIGN_STYLE = Automatic;
				CURRENT_PROJECT_VERSION = 1;
				DEVELOPMENT_TEAM = APV84TNMCN;
				GENERATE_INFOPLIST_FILE = YES;
				INFOPLIST_FILE = PhotosApp/Resource/Info.plist;
				INFOPLIST_KEY_UIApplicationSupportsIndirectInputEvents = YES;
				INFOPLIST_KEY_UILaunchStoryboardName = LaunchScreen;
				INFOPLIST_KEY_UISupportedInterfaceOrientations_iPad = "UIInterfaceOrientationPortrait UIInterfaceOrientationPortraitUpsideDown UIInterfaceOrientationLandscapeLeft UIInterfaceOrientationLandscapeRight";
				INFOPLIST_KEY_UISupportedInterfaceOrientations_iPhone = "UIInterfaceOrientationPortrait UIInterfaceOrientationLandscapeLeft UIInterfaceOrientationLandscapeRight";
				LD_RUNPATH_SEARCH_PATHS = (
					"$(inherited)",
					"@executable_path/Frameworks",
				);
				MARKETING_VERSION = 1.0;
				PRODUCT_BUNDLE_IDENTIFIER = com.bauyrzhanabdi.PhotosApp;
				PRODUCT_NAME = "$(TARGET_NAME)";
				SWIFT_EMIT_LOC_STRINGS = YES;
				SWIFT_VERSION = 5.0;
				TARGETED_DEVICE_FAMILY = "1,2";
			};
			name = Debug;
		};
		B22469BE29CAFE560065E7E7 /* Release */ = {
			isa = XCBuildConfiguration;
			buildSettings = {
				ASSETCATALOG_COMPILER_APPICON_NAME = AppIcon;
				ASSETCATALOG_COMPILER_GLOBAL_ACCENT_COLOR_NAME = AccentColor;
				CODE_SIGN_STYLE = Automatic;
				CURRENT_PROJECT_VERSION = 1;
				DEVELOPMENT_TEAM = APV84TNMCN;
				GENERATE_INFOPLIST_FILE = YES;
				INFOPLIST_FILE = PhotosApp/Resource/Info.plist;
				INFOPLIST_KEY_UIApplicationSupportsIndirectInputEvents = YES;
				INFOPLIST_KEY_UILaunchStoryboardName = LaunchScreen;
				INFOPLIST_KEY_UISupportedInterfaceOrientations_iPad = "UIInterfaceOrientationPortrait UIInterfaceOrientationPortraitUpsideDown UIInterfaceOrientationLandscapeLeft UIInterfaceOrientationLandscapeRight";
				INFOPLIST_KEY_UISupportedInterfaceOrientations_iPhone = "UIInterfaceOrientationPortrait UIInterfaceOrientationLandscapeLeft UIInterfaceOrientationLandscapeRight";
				LD_RUNPATH_SEARCH_PATHS = (
					"$(inherited)",
					"@executable_path/Frameworks",
				);
				MARKETING_VERSION = 1.0;
				PRODUCT_BUNDLE_IDENTIFIER = com.bauyrzhanabdi.PhotosApp;
				PRODUCT_NAME = "$(TARGET_NAME)";
				SWIFT_EMIT_LOC_STRINGS = YES;
				SWIFT_VERSION = 5.0;
				TARGETED_DEVICE_FAMILY = "1,2";
			};
			name = Release;
		};
/* End XCBuildConfiguration section */

/* Begin XCConfigurationList section */
		B22469A329CAFE500065E7E7 /* Build configuration list for PBXProject "PhotosApp" */ = {
			isa = XCConfigurationList;
			buildConfigurations = (
				B22469BA29CAFE560065E7E7 /* Debug */,
				B22469BB29CAFE560065E7E7 /* Release */,
			);
			defaultConfigurationIsVisible = 0;
			defaultConfigurationName = Release;
		};
		B22469BC29CAFE560065E7E7 /* Build configuration list for PBXNativeTarget "PhotosApp" */ = {
			isa = XCConfigurationList;
			buildConfigurations = (
				B22469BD29CAFE560065E7E7 /* Debug */,
				B22469BE29CAFE560065E7E7 /* Release */,
			);
			defaultConfigurationIsVisible = 0;
			defaultConfigurationName = Release;
		};
/* End XCConfigurationList section */

/* Begin XCRemoteSwiftPackageReference section */
		B217CD0829CB118E004595AC /* XCRemoteSwiftPackageReference "SnapKit" */ = {
			isa = XCRemoteSwiftPackageReference;
			repositoryURL = "https://github.com/SnapKit/SnapKit.git";
			requirement = {
				kind = upToNextMajorVersion;
				minimumVersion = 5.0.0;
			};
		};
/* End XCRemoteSwiftPackageReference section */

/* Begin XCSwiftPackageProductDependency section */
		B217CD0929CB118E004595AC /* SnapKit */ = {
			isa = XCSwiftPackageProductDependency;
			package = B217CD0829CB118E004595AC /* XCRemoteSwiftPackageReference "SnapKit" */;
			productName = SnapKit;
		};
/* End XCSwiftPackageProductDependency section */
	};
	rootObject = B22469A029CAFE500065E7E7 /* Project object */;
}
